SITE
  remote: http://community.opscode.com/api/v1
  specs:
    apt (1.4.8)
    build-essential (1.1.0)
    chef_gem (0.1.0)
    dmg (1.0.0)
    git (1.0.0)
      dmg (>= 0.0.0)
      runit (>= 0.0.0)
      yum (>= 0.0.0)
    ohai (1.1.2)
    openssl (1.0.0)
    runit (0.15.0)
    sudo (2.3.0)
    yum (0.8.0)

GIT
  remote: https://github.com/fnichol/chef-rvm
  ref: master
  sha: 26ad5c043c70ea98855a049fbbacb7ffc5ad73e3
  specs:
    rvm (0.9.1)
      chef_gem (>= 0.0.0)

DEPENDENCIES
  apt (>= 0)
  build-essential (>= 0)
  git (>= 0)
  ohai (>= 0)
  openssl (>= 0)
  runit (>= 0)
  rvm (>= 0)
  sudo (>= 0)

