SITE
  remote: https://supermarket.getchef.com/api/v1
  specs:
    apt (2.7.0)
    chef_gem (0.1.0)
    fail2ban (2.2.1)
      yum (~> 3.0)
      yum-epel (>= 0.0.0)
    hostnames (0.3.6)
      hostsfile (>= 0.0.0)
    hostsfile (2.4.5)
    memcached (1.7.2)
      runit (~> 1.0)
      yum (~> 3.0)
      yum-epel (>= 0.0.0)
    packagecloud (0.0.18)
    runit (1.6.0)
      packagecloud (>= 0.0.0)
    rvm (0.9.4)
      chef_gem (>= 0.0.0)
    ssh-hardening (1.1.0)
    sudo (2.7.1)
    timezone-ii (0.2.0)
    yum (3.6.1)
    yum-epel (0.6.0)
      yum (~> 3.0)

GIT
  remote: https://github.com/phlipper/chef-postgresql.git
  ref: master
  sha: df0423d11db9f4cf1c66ae6d94bcde86ab32f30a
  specs:
    postgresql (0.16.1)
      apt (>= 2.6.1)

GIT
  remote: https://github.com/phlipper/chef-redis.git
  ref: master
  sha: 7476279fc9c8727f082b8d77b5e1922dc2ef437b
  specs:
    redis (0.5.6)
      apt (>= 0.0.0)

GIT
  remote: https://gitlab.acid.cl/acidlabs/chef-dpkg-packages.git
  ref: master
  sha: 2c3303e2a2b325debde2ad5e6b6aa42bf48c1cd4
  specs:
    dpkg_packages (0.1.6)

GIT
  remote: https://gitlab.acid.cl/acidlabs/chef-nginx.git
  ref: master
  sha: e31dd846fa5c6393b7fc9cb62b7e4b4d85214ad7
  specs:
    nginx (0.8.0)
      apt (>= 0.0.0)

GIT
  remote: https://gitlab.acid.cl/acidlabs/chef-passenger.git
  ref: master
  sha: 9bdda660d9139c7647007e022dd03d60a1ed97fe
  specs:
    passenger (0.2.0)

DEPENDENCIES
  apt (>= 0)
  dpkg_packages (>= 0)
  fail2ban (>= 0)
  hostnames (>= 0)
  memcached (>= 0)
  nginx (>= 0)
  passenger (>= 0)
  postgresql (>= 0)
  redis (>= 0)
  rvm (>= 0)
  ssh-hardening (>= 0)
  sudo (>= 0)
  timezone-ii (>= 0)

